{
  "nodes": {
    "flake-parts": {
      "inputs": {
        "nixpkgs-lib": "nixpkgs-lib"
      },
      "locked": {
        "lastModified": 1730504689,
        "narHash": "sha256-hgmguH29K2fvs9szpq2r3pz2/8cJd2LPS+b4tfNFCwE=",
        "owner": "hercules-ci",
        "repo": "flake-parts",
        "rev": "506278e768c2a08bec68eb62932193e341f55c90",
        "type": "github"
      },
      "original": {
        "owner": "hercules-ci",
        "repo": "flake-parts",
        "type": "github"
      }
    },
    "flake-parts_2": {
      "inputs": {
        "nixpkgs-lib": "nixpkgs-lib_2"
      },
      "locked": {
        "lastModified": 1714606777,
        "narHash": "sha256-bMkNmAXLj8iyTvxaaD/StcLSadbj1chPcJOjtuVnLmA=",
        "owner": "hercules-ci",
        "repo": "flake-parts",
        "rev": "4d34ce6412bc450b1d4208c953dc97c7fc764f1a",
        "type": "github"
      },
      "original": {
        "owner": "hercules-ci",
        "repo": "flake-parts",
        "type": "github"
      }
    },
    "flake-root": {
      "locked": {
        "lastModified": 1713493429,
        "narHash": "sha256-ztz8JQkI08tjKnsTpfLqzWoKFQF4JGu2LRz8bkdnYUk=",
        "owner": "srid",
        "repo": "flake-root",
        "rev": "bc748b93b86ee76e2032eecda33440ceb2532fcd",
        "type": "github"
      },
      "original": {
        "owner": "srid",
        "repo": "flake-root",
        "type": "github"
      }
    },
    "home-manager": {
      "inputs": {
        "nixpkgs": [
          "nixpkgs"
        ]
      },
      "locked": {
        "lastModified": 1732793095,
        "narHash": "sha256-6TrknJ8CpvSSF4gviQSeD+wyj3siRcMvdBKhOXkEMKU=",
        "owner": "nix-community",
        "repo": "home-manager",
        "rev": "2f7739d01080feb4549524e8f6927669b61c6ee3",
        "type": "github"
      },
      "original": {
        "owner": "nix-community",
        "repo": "home-manager",
        "type": "github"
      }
    },
    "nixd": {
      "inputs": {
        "flake-parts": "flake-parts_2",
        "flake-root": "flake-root",
        "nixpkgs": [
          "nixpkgs"
        ],
        "treefmt-nix": "treefmt-nix"
      },
      "locked": {
        "lastModified": 1732760430,
        "narHash": "sha256-HC+kuzNIL5q87s5ISeJQk3Dv8pqg8U8wDyRSBrpFeFY=",
        "owner": "nix-community",
        "repo": "nixd",
        "rev": "f12e2f77094ac73c1b1101390c02ec5bcf69ad46",
        "type": "github"
      },
      "original": {
        "owner": "nix-community",
        "repo": "nixd",
        "type": "github"
      }
    },
    "nixpkgs-lib": {
      "locked": {
        "lastModified": 1730504152,
        "narHash": "sha256-lXvH/vOfb4aGYyvFmZK/HlsNsr/0CVWlwYvo2rxJk3s=",
        "type": "tarball",
        "url": "https://github.com/NixOS/nixpkgs/archive/cc2f28000298e1269cea6612cd06ec9979dd5d7f.tar.gz"
      },
      "original": {
        "type": "tarball",
        "url": "https://github.com/NixOS/nixpkgs/archive/cc2f28000298e1269cea6612cd06ec9979dd5d7f.tar.gz"
      }
    },
    "nixpkgs-lib_2": {
      "locked": {
        "dir": "lib",
        "lastModified": 1714253743,
        "narHash": "sha256-mdTQw2XlariysyScCv2tTE45QSU9v/ezLcHJ22f0Nxc=",
        "owner": "NixOS",
        "repo": "nixpkgs",
        "rev": "58a1abdbae3217ca6b702f03d3b35125d88a2994",
        "type": "github"
      },
      "original": {
        "dir": "lib",
        "owner": "NixOS",
        "ref": "nixos-unstable",
        "repo": "nixpkgs",
        "type": "github"
      }
    },
    "nixpkgs-master": {
      "locked": {
        "lastModified": 1732859148,
        "narHash": "sha256-dxwEPIehisE0TLKUmKDzcNnZPETIchB6k0XIslwXVtM=",
        "owner": "NixOs",
        "repo": "nixpkgs",
        "rev": "68321766661132c44729d5284f95815a5dd7adeb",
        "type": "github"
      },
      "original": {
        "owner": "NixOs",
        "ref": "master",
        "repo": "nixpkgs",
        "type": "github"
      }
    },
    "nixpkgs-stable": {
      "locked": {
        "lastModified": 1732749044,
        "narHash": "sha256-T38FQOg0BV5M8FN1712fovzNakSOENEYs+CSkg31C9Y=",
        "owner": "NixOS",
        "repo": "nixpkgs",
        "rev": "0c5b4ecbed5b155b705336aa96d878e55acd8685",
        "type": "github"
      },
      "original": {
        "owner": "NixOS",
        "ref": "nixos-24.05",
        "repo": "nixpkgs",
        "type": "github"
      }
    },
    "nixpkgs-unstable": {
      "locked": {
        "lastModified": 1732617236,
        "narHash": "sha256-PYkz6U0bSEaEB1al7O1XsqVNeSNS+s3NVclJw7YC43w=",
        "owner": "NixOs",
        "repo": "nixpkgs",
        "rev": "af51545ec9a44eadf3fe3547610a5cdd882bc34e",
        "type": "github"
      },
      "original": {
        "owner": "NixOs",
        "ref": "nixpkgs-unstable",
        "repo": "nixpkgs",
        "type": "github"
      }
    },
    "root": {
      "inputs": {
        "flake-parts": "flake-parts",
        "home-manager": "home-manager",
        "nixd": "nixd",
        "nixpkgs": [
          "nixpkgs-unstable"
        ],
        "nixpkgs-master": "nixpkgs-master",
        "nixpkgs-stable": "nixpkgs-stable",
        "nixpkgs-unstable": "nixpkgs-unstable",
        "sketchybar-app-font": "sketchybar-app-font"
      }
    },
    "sketchybar-app-font": {
      "flake": false,
      "locked": {
        "lastModified": 1731269677,
        "narHash": "sha256-6mLKQOobRF2BlThBKFtyJG1lchnBaCsmN5jFnN7EDU0=",
        "owner": "kvndrsslr",
        "repo": "sketchybar-app-font",
        "rev": "4b83599f97c7a36d48a99a4ef06233e8659e6fab",
        "type": "github"
      },
      "original": {
        "owner": "kvndrsslr",
        "repo": "sketchybar-app-font",
        "type": "github"
      }
    },
    "treefmt-nix": {
      "inputs": {
        "nixpkgs": [
          "nixd",
          "nixpkgs"
        ]
      },
      "locked": {
        "lastModified": 1722330636,
        "narHash": "sha256-uru7JzOa33YlSRwf9sfXpJG+UAV+bnBEYMjrzKrQZFw=",
        "owner": "numtide",
        "repo": "treefmt-nix",
        "rev": "768acdb06968e53aa1ee8de207fd955335c754b7",
        "type": "github"
      },
      "original": {
        "owner": "numtide",
        "repo": "treefmt-nix",
        "type": "github"
      }
    }
  },
  "root": "root",
  "version": 7
}
